
Microsoft Visual Studio Solution File, Format Version 12.00
# Visual Studio Version 17
VisualStudioVersion = 17.5.002.0
MinimumVisualStudioVersion = 10.0.40219.1
Project("{2150E333-8FDC-42A3-9474-1A3956D46DE8}") = "src", "src", "{CF1C27D5-8DE9-4AD0-AC17-E9D5DE2B5149}"
EndProject
Project("{9A19103F-16F7-4668-BE54-9A1E7A4F7556}") = "PixelDream2D", "src\PixelDream2D\PixelDream2D.csproj", "{22A867D5-B698-44CD-9572-30A037FC4A07}"
EndProject
Project("{9A19103F-16F7-4668-BE54-9A1E7A4F7556}") = "PixelDream2D.Test", "src\PixelDream2D.Test\PixelDream2D.Test.csproj", "{A3431EBF-1A75-4D24-9403-4939E90B7A03}"
EndProject
Global
	GlobalSection(SolutionConfigurationPlatforms) = preSolution
		Debug|Any CPU = Debug|Any CPU
		Release|Any CPU = Release|Any CPU
	EndGlobalSection
	GlobalSection(ProjectConfigurationPlatforms) = postSolution
		{22A867D5-B698-44CD-9572-30A037FC4A07}.Debug|Any CPU.ActiveCfg = Debug|Any CPU
		{22A867D5-B698-44CD-9572-30A037FC4A07}.Debug|Any CPU.Build.0 = Debug|Any CPU
		{22A867D5-B698-44CD-9572-30A037FC4A07}.Release|Any CPU.ActiveCfg = Release|Any CPU
		{22A867D5-B698-44CD-9572-30A037FC4A07}.Release|Any CPU.Build.0 = Release|Any CPU
		{A3431EBF-1A75-4D24-9403-4939E90B7A03}.Debug|Any CPU.ActiveCfg = Debug|Any CPU
		{A3431EBF-1A75-4D24-9403-4939E90B7A03}.Debug|Any CPU.Build.0 = Debug|Any CPU
		{A3431EBF-1A75-4D24-9403-4939E90B7A03}.Release|Any CPU.ActiveCfg = Release|Any CPU
		{A3431EBF-1A75-4D24-9403-4939E90B7A03}.Release|Any CPU.Build.0 = Release|Any CPU
	EndGlobalSection
	GlobalSection(SolutionProperties) = preSolution
		HideSolutionNode = FALSE
	EndGlobalSection
	GlobalSection(NestedProjects) = preSolution
		{22A867D5-B698-44CD-9572-30A037FC4A07} = {CF1C27D5-8DE9-4AD0-AC17-E9D5DE2B5149}
		{A3431EBF-1A75-4D24-9403-4939E90B7A03} = {CF1C27D5-8DE9-4AD0-AC17-E9D5DE2B5149}
	EndGlobalSection
	GlobalSection(ExtensibilityGlobals) = postSolution
		SolutionGuid = {6F1C609A-361F-40B9-9482-4B2B97027B47}
	EndGlobalSection
EndGlobal
